<Solution>
  <Folder Name="/Solution Files/">
    <File Path=".editorconfig" />
    <File Path=".gitattributes" />
    <File Path=".gitignore" />
    <File Path="LICENSE" />
    <File Path="README.md" />
  </Folder>
  <Project Path="PSnaps.Mocks/PSnaps.Mocks.csproj" Id="cafa6619-27b1-4a98-aa6e-232ef0208e2e" />
  <Project Path="PSnaps.Tests/PSnaps.Tests.csproj" Id="bc72995a-d1ca-4738-82e8-9d779ff4237b" />
  <Project Path="PSnaps/PSnaps.csproj" />
</Solution>
